// !$*UTF8*$!
{
	archiveVersion = 1;
	classes = {
	};
	objectVersion = 50;
	objects = {

/* Begin PBXBuildFile section */
		7A3E0622260231EB000FC08B /* QuestionView.swift in Sources */ = {isa = PBXBuildFile; fileRef = 7A3E0621260231EB000FC08B /* QuestionView.swift */; };
		7AA8B24A25FFEEA500415677 /* AppDelegate.swift in Sources */ = {isa = PBXBuildFile; fileRef = 7AA8B24925FFEEA500415677 /* AppDelegate.swift */; };
		7AA8B24C25FFEEA500415677 /* SceneDelegate.swift in Sources */ = {isa = PBXBuildFile; fileRef = 7AA8B24B25FFEEA500415677 /* SceneDelegate.swift */; };
		7AA8B24E25FFEEA500415677 /* ViewController.swift in Sources */ = {isa = PBXBuildFile; fileRef = 7AA8B24D25FFEEA500415677 /* ViewController.swift */; };
		7AA8B25125FFEEA500415677 /* Main.storyboard in Resources */ = {isa = PBXBuildFile; fileRef = 7AA8B24F25FFEEA500415677 /* Main.storyboard */; };
		7AA8B25325FFEEA500415677 /* Assets.xcassets in Resources */ = {isa = PBXBuildFile; fileRef = 7AA8B25225FFEEA500415677 /* Assets.xcassets */; };
		7AA8B25625FFEEA500415677 /* LaunchScreen.storyboard in Resources */ = {isa = PBXBuildFile; fileRef = 7AA8B25425FFEEA500415677 /* LaunchScreen.storyboard */; };
		7AA8B27E25FFF17F00415677 /* Question.swift in Sources */ = {isa = PBXBuildFile; fileRef = 7AA8B27D25FFF17F00415677 /* Question.swift */; };
		7AA8B28125FFF26A00415677 /* QuestionManager.swift in Sources */ = {isa = PBXBuildFile; fileRef = 7AA8B28025FFF26A00415677 /* QuestionManager.swift */; };
		7AA8B28425FFF44700415677 /* Game.swift in Sources */ = {isa = PBXBuildFile; fileRef = 7AA8B26D25FFF07700415677 /* Game.swift */; };
/* End PBXBuildFile section */

/* Begin PBXFileReference section */
		7A3E0621260231EB000FC08B /* QuestionView.swift */ = {isa = PBXFileReference; lastKnownFileType = sourcecode.swift; path = QuestionView.swift; sourceTree = "<group>"; };
		7AA8B24625FFEEA500415677 /* OpenQuizz.app */ = {isa = PBXFileReference; explicitFileType = wrapper.application; includeInIndex = 0; path = OpenQuizz.app; sourceTree = BUILT_PRODUCTS_DIR; };
		7AA8B24925FFEEA500415677 /* AppDelegate.swift */ = {isa = PBXFileReference; lastKnownFileType = sourcecode.swift; path = AppDelegate.swift; sourceTree = "<group>"; };
		7AA8B24B25FFEEA500415677 /* SceneDelegate.swift */ = {isa = PBXFileReference; lastKnownFileType = sourcecode.swift; path = SceneDelegate.swift; sourceTree = "<group>"; };
		7AA8B24D25FFEEA500415677 /* ViewController.swift */ = {isa = PBXFileReference; lastKnownFileType = sourcecode.swift; path = ViewController.swift; sourceTree = "<group>"; };
		7AA8B25025FFEEA500415677 /* Base */ = {isa = PBXFileReference; lastKnownFileType = file.storyboard; name = Base; path = Base.lproj/Main.storyboard; sourceTree = "<group>"; };
		7AA8B25225FFEEA500415677 /* Assets.xcassets */ = {isa = PBXFileReference; lastKnownFileType = folder.assetcatalog; path = Assets.xcassets; sourceTree = "<group>"; };
		7AA8B25525FFEEA500415677 /* Base */ = {isa = PBXFileReference; lastKnownFileType = file.storyboard; name = Base; path = Base.lproj/LaunchScreen.storyboard; sourceTree = "<group>"; };
		7AA8B25725FFEEA500415677 /* Info.plist */ = {isa = PBXFileReference; lastKnownFileType = text.plist.xml; name = Info.plist; path = ../Info.plist; sourceTree = "<group>"; };
		7AA8B26D25FFF07700415677 /* Game.swift */ = {isa = PBXFileReference; lastKnownFileType = sourcecode.swift; path = Game.swift; sourceTree = "<group>"; };
		7AA8B27625FFF0B700415677 /* Balham.otf */ = {isa = PBXFileReference; lastKnownFileType = file; path = Balham.otf; sourceTree = "<group>"; };
		7AA8B27D25FFF17F00415677 /* Question.swift */ = {isa = PBXFileReference; lastKnownFileType = sourcecode.swift; path = Question.swift; sourceTree = "<group>"; };
		7AA8B28025FFF26A00415677 /* QuestionManager.swift */ = {isa = PBXFileReference; fileEncoding = 4; lastKnownFileType = sourcecode.swift; name = QuestionManager.swift; path = ../../../../Downloads/QuestionManager.swift; sourceTree = "<group>"; };
/* End PBXFileReference section */

/* Begin PBXFrameworksBuildPhase section */
		7AA8B24325FFEEA500415677 /* Frameworks */ = {
			isa = PBXFrameworksBuildPhase;
			buildActionMask = 2147483647;
			files = (
			);
			runOnlyForDeploymentPostprocessing = 0;
		};
/* End PBXFrameworksBuildPhase section */

/* Begin PBXGroup section */
		7AA8B23D25FFEEA500415677 = {
			isa = PBXGroup;
			children = (
				7AA8B24825FFEEA500415677 /* OpenQuizz */,
			);
			sourceTree = "<group>";
		};
		7AA8B24725FFEEA500415677 /* Products */ = {
			isa = PBXGroup;
			children = (
				7AA8B24625FFEEA500415677 /* OpenQuizz.app */,
			);
			name = Products;
			path = ..;
			sourceTree = "<group>";
		};
		7AA8B24825FFEEA500415677 /* OpenQuizz */ = {
			isa = PBXGroup;
			children = (
				7AA8B26925FFEFC100415677 /* View */,
				7AA8B26A25FFEFCF00415677 /* Controller */,
				7AA8B26B25FFEFD600415677 /* Model */,
				7AA8B26C25FFF01800415677 /* Supporting Files */,
				7AA8B24725FFEEA500415677 /* Products */,
			);
			path = OpenQuizz;
			sourceTree = "<group>";
		};
		7AA8B26925FFEFC100415677 /* View */ = {
			isa = PBXGroup;
			children = (
				7AA8B24F25FFEEA500415677 /* Main.storyboard */,
				7A3E0621260231EB000FC08B /* QuestionView.swift */,
			);
			path = View;
			sourceTree = "<group>";
		};
		7AA8B26A25FFEFCF00415677 /* Controller */ = {
			isa = PBXGroup;
			children = (
				7AA8B24D25FFEEA500415677 /* ViewController.swift */,
			);
			path = Controller;
			sourceTree = "<group>";
		};
		7AA8B26B25FFEFD600415677 /* Model */ = {
			isa = PBXGroup;
			children = (
				7AA8B26D25FFF07700415677 /* Game.swift */,
				7AA8B28025FFF26A00415677 /* QuestionManager.swift */,
				7AA8B27D25FFF17F00415677 /* Question.swift */,
			);
			path = Model;
			sourceTree = "<group>";
		};
		7AA8B26C25FFF01800415677 /* Supporting Files */ = {
			isa = PBXGroup;
			children = (
				7AA8B27625FFF0B700415677 /* Balham.otf */,
				7AA8B24B25FFEEA500415677 /* SceneDelegate.swift */,
				7AA8B25425FFEEA500415677 /* LaunchScreen.storyboard */,
				7AA8B25225FFEEA500415677 /* Assets.xcassets */,
				7AA8B24925FFEEA500415677 /* AppDelegate.swift */,
				7AA8B25725FFEEA500415677 /* Info.plist */,
			);
			path = "Supporting Files";
			sourceTree = "<group>";
		};
/* End PBXGroup section */

/* Begin PBXNativeTarget section */
		7AA8B24525FFEEA500415677 /* OpenQuizz */ = {
			isa = PBXNativeTarget;
			buildConfigurationList = 7AA8B25A25FFEEA500415677 /* Build configuration list for PBXNativeTarget "OpenQuizz" */;
			buildPhases = (
				7AA8B24225FFEEA500415677 /* Sources */,
				7AA8B24325FFEEA500415677 /* Frameworks */,
				7AA8B24425FFEEA500415677 /* Resources */,
			);
			buildRules = (
			);
			dependencies = (
			);
			name = OpenQuizz;
			productName = OpenQuizz;
			productReference = 7AA8B24625FFEEA500415677 /* OpenQuizz.app */;
			productType = "com.apple.product-type.application";
		};
/* End PBXNativeTarget section */

/* Begin PBXProject section */
		7AA8B23E25FFEEA500415677 /* Project object */ = {
			isa = PBXProject;
			attributes = {
				LastSwiftUpdateCheck = 1240;
				LastUpgradeCheck = 1240;
				TargetAttributes = {
					7AA8B24525FFEEA500415677 = {
						CreatedOnToolsVersion = 12.4;
					};
				};
			};
			buildConfigurationList = 7AA8B24125FFEEA500415677 /* Build configuration list for PBXProject "OpenQuizz" */;
			compatibilityVersion = "Xcode 9.3";
			developmentRegion = en;
			hasScannedForEncodings = 0;
			knownRegions = (
				en,
				Base,
			);
			mainGroup = 7AA8B23D25FFEEA500415677;
			productRefGroup = 7AA8B24725FFEEA500415677 /* Products */;
			projectDirPath = "";
			projectRoot = "";
			targets = (
				7AA8B24525FFEEA500415677 /* OpenQuizz */,
			);
		};
/* End PBXProject section */

/* Begin PBXResourcesBuildPhase section */
		7AA8B24425FFEEA500415677 /* Resources */ = {
			isa = PBXResourcesBuildPhase;
			buildActionMask = 2147483647;
			files = (
				7AA8B25625FFEEA500415677 /* LaunchScreen.storyboard in Resources */,
				7AA8B25325FFEEA500415677 /* Assets.xcassets in Resources */,
				7AA8B25125FFEEA500415677 /* Main.storyboard in Resources */,
			);
			runOnlyForDeploymentPostprocessing = 0;
		};
/* End PBXResourcesBuildPhase section */

/* Begin PBXSourcesBuildPhase section */
		7AA8B24225FFEEA500415677 /* Sources */ = {
			isa = PBXSourcesBuildPhase;
			buildActionMask = 2147483647;
			files = (
				7AA8B24E25FFEEA500415677 /* ViewController.swift in Sources */,
				7AA8B28425FFF44700415677 /* Game.swift in Sources */,
				7AA8B27E25FFF17F00415677 /* Question.swift in Sources */,
				7A3E0622260231EB000FC08B /* QuestionView.swift in Sources */,
				7AA8B24A25FFEEA500415677 /* AppDelegate.swift in Sources */,
				7AA8B28125FFF26A00415677 /* QuestionManager.swift in Sources */,
				7AA8B24C25FFEEA500415677 /* SceneDelegate.swift in Sources */,
			);
			runOnlyForDeploymentPostprocessing = 0;
		};
/* End PBXSourcesBuildPhase section */

/* Begin PBXVariantGroup section */
		7AA8B24F25FFEEA500415677 /* Main.storyboard */ = {
			isa = PBXVariantGroup;
			children = (
				7AA8B25025FFEEA500415677 /* Base */,
			);
			name = Main.storyboard;
			sourceTree = "<group>";
		};
		7AA8B25425FFEEA500415677 /* LaunchScreen.storyboard */ = {
			isa = PBXVariantGroup;
			children = (
				7AA8B25525FFEEA500415677 /* Base */,
			);
			name = LaunchScreen.storyboard;
			sourceTree = "<group>";
		};
/* End PBXVariantGroup section */

/* Begin XCBuildConfiguration section */
		7AA8B25825FFEEA500415677 /* Debug */ = {
			isa = XCBuildConfiguration;
			buildSettings = {
				ALWAYS_SEARCH_USER_PATHS = NO;
				CLANG_ANALYZER_NONNULL = YES;
				CLANG_ANALYZER_NUMBER_OBJECT_CONVERSION = YES_AGGRESSIVE;
				CLANG_CXX_LANGUAGE_STANDARD = "gnu++14";
				CLANG_CXX_LIBRARY = "libc++";
				CLANG_ENABLE_MODULES = YES;
				CLANG_ENABLE_OBJC_ARC = YES;
				CLANG_ENABLE_OBJC_WEAK = YES;
				CLANG_WARN_BLOCK_CAPTURE_AUTORELEASING = YES;
				CLANG_WARN_BOOL_CONVERSION = YES;
				CLANG_WARN_COMMA = YES;
				CLANG_WARN_CONSTANT_CONVERSION = YES;
				CLANG_WARN_DEPRECATED_OBJC_IMPLEMENTATIONS = YES;
				CLANG_WARN_DIRECT_OBJC_ISA_USAGE = YES_ERROR;
				CLANG_WARN_DOCUMENTATION_COMMENTS = YES;
				CLANG_WARN_EMPTY_BODY = YES;
				CLANG_WARN_ENUM_CONVERSION = YES;
				CLANG_WARN_INFINITE_RECURSION = YES;
				CLANG_WARN_INT_CONVERSION = YES;
				CLANG_WARN_NON_LITERAL_NULL_CONVERSION = YES;
				CLANG_WARN_OBJC_IMPLICIT_RETAIN_SELF = YES;
				CLANG_WARN_OBJC_LITERAL_CONVERSION = YES;
				CLANG_WARN_OBJC_ROOT_CLASS = YES_ERROR;
				CLANG_WARN_QUOTED_INCLUDE_IN_FRAMEWORK_HEADER = YES;
				CLANG_WARN_RANGE_LOOP_ANALYSIS = YES;
				CLANG_WARN_STRICT_PROTOTYPES = YES;
				CLANG_WARN_SUSPICIOUS_MOVE = YES;
				CLANG_WARN_UNGUARDED_AVAILABILITY = YES_AGGRESSIVE;
				CLANG_WARN_UNREACHABLE_CODE = YES;
				CLANG_WARN__DUPLICATE_METHOD_MATCH = YES;
				COPY_PHASE_STRIP = NO;
				DEBUG_INFORMATION_FORMAT = dwarf;
				ENABLE_STRICT_OBJC_MSGSEND = YES;
				ENABLE_TESTABILITY = YES;
				GCC_C_LANGUAGE_STANDARD = gnu11;
				GCC_DYNAMIC_NO_PIC = NO;
				GCC_NO_COMMON_BLOCKS = YES;
				GCC_OPTIMIZATION_LEVEL = 0;
				GCC_PREPROCESSOR_DEFINITIONS = (
					"DEBUG=1",
					"$(inherited)",
				);
				GCC_WARN_64_TO_32_BIT_CONVERSION = YES;
				GCC_WARN_ABOUT_RETURN_TYPE = YES_ERROR;
				GCC_WARN_UNDECLARED_SELECTOR = YES;
				GCC_WARN_UNINITIALIZED_AUTOS = YES_AGGRESSIVE;
				GCC_WARN_UNUSED_FUNCTION = YES;
				GCC_WARN_UNUSED_VARIABLE = YES;
				IPHONEOS_DEPLOYMENT_TARGET = 14.4;
				MTL_ENABLE_DEBUG_INFO = INCLUDE_SOURCE;
				MTL_FAST_MATH = YES;
				ONLY_ACTIVE_ARCH = YES;
				SDKROOT = iphoneos;
				SWIFT_ACTIVE_COMPILATION_CONDITIONS = DEBUG;
				SWIFT_OPTIMIZATION_LEVEL = "-Onone";
			};
			name = Debug;
		};
		7AA8B25925FFEEA500415677 /* Release */ = {
			isa = XCBuildConfiguration;
			buildSettings = {
				ALWAYS_SEARCH_USER_PATHS = NO;
				CLANG_ANALYZER_NONNULL = YES;
				CLANG_ANALYZER_NUMBER_OBJECT_CONVERSION = YES_AGGRESSIVE;
				CLANG_CXX_LANGUAGE_STANDARD = "gnu++14";
				CLANG_CXX_LIBRARY = "libc++";
				CLANG_ENABLE_MODULES = YES;
				CLANG_ENABLE_OBJC_ARC = YES;
				CLANG_ENABLE_OBJC_WEAK = YES;
				CLANG_WARN_BLOCK_CAPTURE_AUTORELEASING = YES;
				CLANG_WARN_BOOL_CONVERSION = YES;
				CLANG_WARN_COMMA = YES;
				CLANG_WARN_CONSTANT_CONVERSION = YES;
				CLANG_WARN_DEPRECATED_OBJC_IMPLEMENTATIONS = YES;
				CLANG_WARN_DIRECT_OBJC_ISA_USAGE = YES_ERROR;
				CLANG_WARN_DOCUMENTATION_COMMENTS = YES;
				CLANG_WARN_EMPTY_BODY = YES;
				CLANG_WARN_ENUM_CONVERSION = YES;
				CLANG_WARN_INFINITE_RECURSION = YES;
				CLANG_WARN_INT_CONVERSION = YES;
				CLANG_WARN_NON_LITERAL_NULL_CONVERSION = YES;
				CLANG_WARN_OBJC_IMPLICIT_RETAIN_SELF = YES;
				CLANG_WARN_OBJC_LITERAL_CONVERSION = YES;
				CLANG_WARN_OBJC_ROOT_CLASS = YES_ERROR;
				CLANG_WARN_QUOTED_INCLUDE_IN_FRAMEWORK_HEADER = YES;
				CLANG_WARN_RANGE_LOOP_ANALYSIS = YES;
				CLANG_WARN_STRICT_PROTOTYPES = YES;
				CLANG_WARN_SUSPICIOUS_MOVE = YES;
				CLANG_WARN_UNGUARDED_AVAILABILITY = YES_AGGRESSIVE;
				CLANG_WARN_UNREACHABLE_CODE = YES;
				CLANG_WARN__DUPLICATE_METHOD_MATCH = YES;
				COPY_PHASE_STRIP = NO;
				DEBUG_INFORMATION_FORMAT = "dwarf-with-dsym";
				ENABLE_NS_ASSERTIONS = NO;
				ENABLE_STRICT_OBJC_MSGSEND = YES;
				GCC_C_LANGUAGE_STANDARD = gnu11;
				GCC_NO_COMMON_BLOCKS = YES;
				GCC_WARN_64_TO_32_BIT_CONVERSION = YES;
				GCC_WARN_ABOUT_RETURN_TYPE = YES_ERROR;
				GCC_WARN_UNDECLARED_SELECTOR = YES;
				GCC_WARN_UNINITIALIZED_AUTOS = YES_AGGRESSIVE;
				GCC_WARN_UNUSED_FUNCTION = YES;
				GCC_WARN_UNUSED_VARIABLE = YES;
				IPHONEOS_DEPLOYMENT_TARGET = 14.4;
				MTL_ENABLE_DEBUG_INFO = NO;
				MTL_FAST_MATH = YES;
				SDKROOT = iphoneos;
				SWIFT_COMPILATION_MODE = wholemodule;
				SWIFT_OPTIMIZATION_LEVEL = "-O";
				VALIDATE_PRODUCT = YES;
			};
			name = Release;
		};
		7AA8B25B25FFEEA500415677 /* Debug */ = {
			isa = XCBuildConfiguration;
			buildSettings = {
				ASSETCATALOG_COMPILER_APPICON_NAME = AppIcon;
				ASSETCATALOG_COMPILER_GLOBAL_ACCENT_COLOR_NAME = AccentColor;
				CODE_SIGN_STYLE = Automatic;
				DEVELOPMENT_TEAM = 45CCMZA383;
				INFOPLIST_FILE = OpenQuizz/Info.plist;
				LD_RUNPATH_SEARCH_PATHS = (
					"$(inherited)",
					"@executable_path/Frameworks",
				);
				PRODUCT_BUNDLE_IDENTIFIER = fr.AdrienPEREA.OpenQuizz;
				PRODUCT_NAME = "$(TARGET_NAME)";
				SWIFT_VERSION = 5.0;
				TARGETED_DEVICE_FAMILY = "1,2";
			};
			name = Debug;
		};
		7AA8B25C25FFEEA500415677 /* Release */ = {
			isa = XCBuildConfiguration;
			buildSettings = {
				ASSETCATALOG_COMPILER_APPICON_NAME = AppIcon;
				ASSETCATALOG_COMPILER_GLOBAL_ACCENT_COLOR_NAME = AccentColor;
				CODE_SIGN_STYLE = Automatic;
				DEVELOPMENT_TEAM = 45CCMZA383;
				INFOPLIST_FILE = OpenQuizz/Info.plist;
				LD_RUNPATH_SEARCH_PATHS = (
					"$(inherited)",
					"@executable_path/Frameworks",
				);
				PRODUCT_BUNDLE_IDENTIFIER = fr.AdrienPEREA.OpenQuizz;
				PRODUCT_NAME = "$(TARGET_NAME)";
				SWIFT_VERSION = 5.0;
				TARGETED_DEVICE_FAMILY = "1,2";
			};
			name = Release;
		};
/* End XCBuildConfiguration section */

/* Begin XCConfigurationList section */
		7AA8B24125FFEEA500415677 /* Build configuration list for PBXProject "OpenQuizz" */ = {
			isa = XCConfigurationList;
			buildConfigurations = (
				7AA8B25825FFEEA500415677 /* Debug */,
				7AA8B25925FFEEA500415677 /* Release */,
			);
			defaultConfigurationIsVisible = 0;
			defaultConfigurationName = Release;
		};
		7AA8B25A25FFEEA500415677 /* Build configuration list for PBXNativeTarget "OpenQuizz" */ = {
			isa = XCConfigurationList;
			buildConfigurations = (
				7AA8B25B25FFEEA500415677 /* Debug */,
				7AA8B25C25FFEEA500415677 /* Release */,
			);
			defaultConfigurationIsVisible = 0;
			defaultConfigurationName = Release;
		};
/* End XCConfigurationList section */
	};
	rootObject = 7AA8B23E25FFEEA500415677 /* Project object */;
}
